
Microsoft Visual Studio Solution File, Format Version 12.00
# Visual Studio Version 16
VisualStudioVersion = 16.0.33920.266
MinimumVisualStudioVersion = 10.0.40219.1
Project("{FAE04EC0-301F-11D3-BF4B-00C04F79EFBC}") = "WindowsFormsApp1", "WindowsFormsApp1\WindowsFormsApp1.csproj", "{DEEF5BBF-3589-40E1-A99D-37E45464E1B1}"
EndProject
Global
	GlobalSection(SolutionConfigurationPlatforms) = preSolution
		Debug|Any CPU = Debug|Any CPU
		Release|Any CPU = Release|Any CPU
	EndGlobalSection
	GlobalSection(ProjectConfigurationPlatforms) = postSolution
		{DEEF5BBF-3589-40E1-A99D-37E45464E1B1}.Debug|Any CPU.ActiveCfg = Debug|Any CPU
		{DEEF5BBF-3589-40E1-A99D-37E45464E1B1}.Debug|Any CPU.Build.0 = Debug|Any CPU
		{DEEF5BBF-3589-40E1-A99D-37E45464E1B1}.Release|Any CPU.ActiveCfg = Release|Any CPU
		{DEEF5BBF-3589-40E1-A99D-37E45464E1B1}.Release|Any CPU.Build.0 = Release|Any CPU
	EndGlobalSection
	GlobalSection(SolutionProperties) = preSolution
		HideSolutionNode = FALSE
	EndGlobalSection
	GlobalSection(ExtensibilityGlobals) = postSolution
		SolutionGuid = {393FAF84-832E-4CEA-ABE7-7E89254F870D}
	EndGlobalSection
EndGlobal
